{
  "version": 4,
  "terraform_version": "1.3.4",
  "serial": 22,
  "lineage": "e3e31f97-5685-c0e1-8b29-0f0f84ff1d69",
  "outputs": {},
  "resources": [
    {
      "mode": "managed",
      "type": "azurerm_resource_group",
      "name": "mkodi_resource_grp",
      "provider": "provider[\"registry.terraform.io/hashicorp/azurerm\"]",
      "instances": [
        {
          "schema_version": 0,
          "attributes": {
            "id": "/subscriptions/17a163e1-cd14-4a6a-80c4-05945f55fa55/resourceGroups/mkodi_resource_grp",
            "location": "eastus",
            "name": "mkodi_resource_grp",
            "tags": null,
            "timeouts": null
          },
          "sensitive_attributes": [],
          "private": "eyJlMmJmYjczMC1lY2FhLTExZTYtOGY4OC0zNDM2M2JjN2M0YzAiOnsiY3JlYXRlIjo1NDAwMDAwMDAwMDAwLCJkZWxldGUiOjU0MDAwMDAwMDAwMDAsInJlYWQiOjMwMDAwMDAwMDAwMCwidXBkYXRlIjo1NDAwMDAwMDAwMDAwfX0="
        }
      ]
    },
    {
      "mode": "managed",
      "type": "azurerm_service_plan",
      "name": "mkodi_service_plan",
      "provider": "provider[\"registry.terraform.io/hashicorp/azurerm\"]",
      "instances": [
        {
          "schema_version": 0,
          "attributes": {
            "app_service_environment_id": "",
            "id": "/subscriptions/17a163e1-cd14-4a6a-80c4-05945f55fa55/resourceGroups/mkodi_resource_grp/providers/Microsoft.Web/serverfarms/mkodi_service_plan",
            "kind": "app",
            "location": "eastus",
            "maximum_elastic_worker_count": 1,
            "name": "mkodi_service_plan",
            "os_type": "Windows",
            "per_site_scaling_enabled": false,
            "reserved": false,
            "resource_group_name": "mkodi_resource_grp",
            "sku_name": "B1",
            "tags": null,
            "timeouts": null,
            "worker_count": 1,
            "zone_balancing_enabled": false
          },
          "sensitive_attributes": [],
          "private": "eyJlMmJmYjczMC1lY2FhLTExZTYtOGY4OC0zNDM2M2JjN2M0YzAiOnsiY3JlYXRlIjozNjAwMDAwMDAwMDAwLCJkZWxldGUiOjM2MDAwMDAwMDAwMDAsInJlYWQiOjMwMDAwMDAwMDAwMCwidXBkYXRlIjozNjAwMDAwMDAwMDAwfX0=",
          "dependencies": [
            "azurerm_resource_group.mkodi_resource_grp"
          ]
        }
      ]
    },
    {
      "mode": "managed",
      "type": "azurerm_windows_web_app",
      "name": "mkodi",
      "provider": "provider[\"registry.terraform.io/hashicorp/azurerm\"]",
      "instances": [
        {
          "schema_version": 0,
          "attributes": {
            "app_settings": null,
            "auth_settings": [
              {
                "active_directory": [],
                "additional_login_parameters": {},
                "allowed_external_redirect_urls": [],
                "default_provider": "",
                "enabled": false,
                "facebook": [],
                "github": [],
                "google": [],
                "issuer": "",
                "microsoft": [],
                "runtime_version": "",
                "token_refresh_extension_hours": 0,
                "token_store_enabled": false,
                "twitter": [],
                "unauthenticated_client_action": ""
              }
            ],
            "backup": [],
            "client_affinity_enabled": false,
            "client_certificate_enabled": false,
            "client_certificate_exclusion_paths": "",
            "client_certificate_mode": "Required",
            "connection_string": [],
            "custom_domain_verification_id": "E9BCBBB890EC955FE739ACC5015F86FBBA99FDF2A6B3CEF6830E83F437F36FA7",
            "default_hostname": "mkodi.azurewebsites.net",
            "enabled": true,
            "https_only": false,
            "id": "/subscriptions/17a163e1-cd14-4a6a-80c4-05945f55fa55/resourceGroups/mkodi_resource_grp/providers/Microsoft.Web/sites/mkodi",
            "identity": [],
            "key_vault_reference_identity_id": "SystemAssigned",
            "kind": "app",
            "location": "eastus",
            "logs": [],
            "name": "mkodi",
            "outbound_ip_address_list": [
              "20.232.251.169",
              "20.232.251.178",
              "20.232.251.194",
              "20.232.251.205",
              "20.232.251.210",
              "20.232.251.227",
              "20.119.8.27"
            ],
            "outbound_ip_addresses": "20.232.251.169,20.232.251.178,20.232.251.194,20.232.251.205,20.232.251.210,20.232.251.227,20.119.8.27",
            "possible_outbound_ip_address_list": [
              "20.232.251.169",
              "20.232.251.178",
              "20.232.251.194",
              "20.232.251.205",
              "20.232.251.210",
              "20.232.251.227",
              "20.232.251.119",
              "20.232.252.7",
              "20.232.252.29",
              "20.232.252.43",
              "20.232.252.46",
              "20.232.252.56",
              "20.232.252.68",
              "20.121.102.49",
              "20.232.252.150",
              "20.232.252.172",
              "20.232.252.189",
              "20.232.252.190",
              "20.232.252.196",
              "20.232.252.209",
              "20.232.252.214",
              "20.232.252.220",
              "20.232.252.225",
              "20.232.252.227",
              "20.232.252.228",
              "20.232.252.230",
              "20.84.9.111",
              "20.232.252.234",
              "20.232.252.246",
              "20.232.252.248",
              "20.119.8.27"
            ],
            "possible_outbound_ip_addresses": "20.232.251.169,20.232.251.178,20.232.251.194,20.232.251.205,20.232.251.210,20.232.251.227,20.232.251.119,20.232.252.7,20.232.252.29,20.232.252.43,20.232.252.46,20.232.252.56,20.232.252.68,20.121.102.49,20.232.252.150,20.232.252.172,20.232.252.189,20.232.252.190,20.232.252.196,20.232.252.209,20.232.252.214,20.232.252.220,20.232.252.225,20.232.252.227,20.232.252.228,20.232.252.230,20.84.9.111,20.232.252.234,20.232.252.246,20.232.252.248,20.119.8.27",
            "resource_group_name": "mkodi_resource_grp",
            "service_plan_id": "/subscriptions/17a163e1-cd14-4a6a-80c4-05945f55fa55/resourceGroups/mkodi_resource_grp/providers/Microsoft.Web/serverfarms/mkodi_service_plan",
            "site_config": [
              {
                "always_on": true,
                "api_definition_url": "",
                "api_management_api_id": "",
                "app_command_line": "",
                "application_stack": [
                  {
                    "current_stack": "",
                    "docker_container_name": "",
                    "docker_container_registry": "",
                    "docker_container_tag": "",
                    "dotnet_version": "v4.0",
                    "java_container": "",
                    "java_container_version": "",
                    "java_version": "",
                    "node_version": "",
                    "php_version": "5.6",
                    "python_version": ""
                  }
                ],
                "auto_heal_enabled": false,
                "auto_heal_setting": [],
                "container_registry_managed_identity_client_id": "",
                "container_registry_use_managed_identity": false,
                "cors": [],
                "default_documents": [
                  "Default.htm",
                  "Default.html",
                  "Default.asp",
                  "index.htm",
                  "index.html",
                  "iisstart.htm",
                  "default.aspx",
                  "index.php",
                  "hostingstart.html"
                ],
                "detailed_error_logging_enabled": false,
                "ftps_state": "Disabled",
                "health_check_eviction_time_in_min": 0,
                "health_check_path": "",
                "http2_enabled": false,
                "ip_restriction": [],
                "linux_fx_version": "",
                "load_balancing_mode": "LeastRequests",
                "local_mysql_enabled": false,
                "managed_pipeline_mode": "Integrated",
                "minimum_tls_version": "1.2",
                "remote_debugging_enabled": false,
                "remote_debugging_version": "VS2019",
                "scm_ip_restriction": [],
                "scm_minimum_tls_version": "1.2",
                "scm_type": "None",
                "scm_use_main_ip_restriction": false,
                "use_32_bit_worker": true,
                "virtual_application": [],
                "vnet_route_all_enabled": false,
                "websockets_enabled": false,
                "windows_fx_version": "",
                "worker_count": 1
              }
            ],
            "site_credential": [
              {
                "name": "$mkodi",
                "password": "aoZlkezfXGjqCfxa2fP1yBJkStHM2kYFutDB69EaMMr3280ncaA5CDY2yKtB"
              }
            ],
            "sticky_settings": [],
            "storage_account": [],
            "tags": null,
            "timeouts": null,
            "virtual_network_subnet_id": "",
            "zip_deploy_file": ""
          },
          "sensitive_attributes": [],
          "private": "eyJlMmJmYjczMC1lY2FhLTExZTYtOGY4OC0zNDM2M2JjN2M0YzAiOnsiY3JlYXRlIjoxODAwMDAwMDAwMDAwLCJkZWxldGUiOjE4MDAwMDAwMDAwMDAsInJlYWQiOjMwMDAwMDAwMDAwMCwidXBkYXRlIjoxODAwMDAwMDAwMDAwfX0=",
          "dependencies": [
            "azurerm_resource_group.mkodi_resource_grp",
            "azurerm_service_plan.mkodi_service_plan"
          ]
        }
      ]
    }
  ],
  "check_results": null
}
